
Microsoft Visual Studio Solution File, Format Version 12.00
# Visual Studio 15
VisualStudioVersion = 15.0.27130.2020
MinimumVisualStudioVersion = 10.0.40219.1
Project("{FAE04EC0-301F-11D3-BF4B-00C04F79EFBC}") = "SpaASMR2018", "SpaASMR2018\SpaASMR2018.csproj", "{8F48503C-F5FE-40D3-B8C7-D134DBB321E7}"
EndProject
Global
	GlobalSection(SolutionConfigurationPlatforms) = preSolution
		Debug|Any CPU = Debug|Any CPU
		Release|Any CPU = Release|Any CPU
	EndGlobalSection
	GlobalSection(ProjectConfigurationPlatforms) = postSolution
		{8F48503C-F5FE-40D3-B8C7-D134DBB321E7}.Debug|Any CPU.ActiveCfg = Debug|Any CPU
		{8F48503C-F5FE-40D3-B8C7-D134DBB321E7}.Debug|Any CPU.Build.0 = Debug|Any CPU
		{8F48503C-F5FE-40D3-B8C7-D134DBB321E7}.Release|Any CPU.ActiveCfg = Release|Any CPU
		{8F48503C-F5FE-40D3-B8C7-D134DBB321E7}.Release|Any CPU.Build.0 = Release|Any CPU
	EndGlobalSection
	GlobalSection(SolutionProperties) = preSolution
		HideSolutionNode = FALSE
	EndGlobalSection
	GlobalSection(ExtensibilityGlobals) = postSolution
		SolutionGuid = {B5ECF88E-62BF-47AA-97D4-CCFCBE4BD4EC}
	EndGlobalSection
EndGlobal
